
Microsoft Visual Studio Solution File, Format Version 12.00
# Visual Studio Version 16
VisualStudioVersion = 16.0.31624.102
MinimumVisualStudioVersion = 10.0.40219.1
Project("{FAE04EC0-301F-11D3-BF4B-00C04F79EFBC}") = "CIS3342_TermProject", "CIS3342_TermProject\CIS3342_TermProject.csproj", "{65E1E9A7-98DC-40AF-87A5-2E33F05C380D}"
EndProject
Project("{FAE04EC0-301F-11D3-BF4B-00C04F79EFBC}") = "TermProjectLibrary", "TermProjectClassLibrary\TermProjectLibrary.csproj", "{783FF2AA-B2DD-43D7-83F2-536D311E1740}"
EndProject
Project("{FAE04EC0-301F-11D3-BF4B-00C04F79EFBC}") = "TermProjectAPI", "TermProjectAPI\TermProjectAPI.csproj", "{24B518A7-D7FF-4DE6-BC47-A2F4BCD4E4E8}"
EndProject
Global
	GlobalSection(SolutionConfigurationPlatforms) = preSolution
		Debug|Any CPU = Debug|Any CPU
		Release|Any CPU = Release|Any CPU
	EndGlobalSection
	GlobalSection(ProjectConfigurationPlatforms) = postSolution
		{65E1E9A7-98DC-40AF-87A5-2E33F05C380D}.Debug|Any CPU.ActiveCfg = Debug|Any CPU
		{65E1E9A7-98DC-40AF-87A5-2E33F05C380D}.Debug|Any CPU.Build.0 = Debug|Any CPU
		{65E1E9A7-98DC-40AF-87A5-2E33F05C380D}.Release|Any CPU.ActiveCfg = Release|Any CPU
		{65E1E9A7-98DC-40AF-87A5-2E33F05C380D}.Release|Any CPU.Build.0 = Release|Any CPU
		{783FF2AA-B2DD-43D7-83F2-536D311E1740}.Debug|Any CPU.ActiveCfg = Debug|Any CPU
		{783FF2AA-B2DD-43D7-83F2-536D311E1740}.Debug|Any CPU.Build.0 = Debug|Any CPU
		{783FF2AA-B2DD-43D7-83F2-536D311E1740}.Release|Any CPU.ActiveCfg = Release|Any CPU
		{783FF2AA-B2DD-43D7-83F2-536D311E1740}.Release|Any CPU.Build.0 = Release|Any CPU
		{24B518A7-D7FF-4DE6-BC47-A2F4BCD4E4E8}.Debug|Any CPU.ActiveCfg = Debug|Any CPU
		{24B518A7-D7FF-4DE6-BC47-A2F4BCD4E4E8}.Debug|Any CPU.Build.0 = Debug|Any CPU
		{24B518A7-D7FF-4DE6-BC47-A2F4BCD4E4E8}.Release|Any CPU.ActiveCfg = Release|Any CPU
		{24B518A7-D7FF-4DE6-BC47-A2F4BCD4E4E8}.Release|Any CPU.Build.0 = Release|Any CPU
	EndGlobalSection
	GlobalSection(SolutionProperties) = preSolution
		HideSolutionNode = FALSE
	EndGlobalSection
	GlobalSection(ExtensibilityGlobals) = postSolution
		SolutionGuid = {BE303A5B-00B4-4A83-91D4-A85826871D24}
	EndGlobalSection
EndGlobal
